
Microsoft Visual Studio Solution File, Format Version 12.00
# Visual Studio Version 16
VisualStudioVersion = 16.0.30406.217
MinimumVisualStudioVersion = 10.0.40219.1
Project("{FAE04EC0-301F-11D3-BF4B-00C04F79EFBC}") = "MelonTestAutomation", "MelonTestAutomation\MelonTestAutomation.csproj", "{BE8DA8A7-707D-4FD3-90B3-F0741996ED65}"
EndProject
Global
	GlobalSection(SolutionConfigurationPlatforms) = preSolution
		Debug|Any CPU = Debug|Any CPU
		Release|Any CPU = Release|Any CPU
	EndGlobalSection
	GlobalSection(ProjectConfigurationPlatforms) = postSolution
		{BE8DA8A7-707D-4FD3-90B3-F0741996ED65}.Debug|Any CPU.ActiveCfg = Debug|Any CPU
		{BE8DA8A7-707D-4FD3-90B3-F0741996ED65}.Debug|Any CPU.Build.0 = Debug|Any CPU
		{BE8DA8A7-707D-4FD3-90B3-F0741996ED65}.Release|Any CPU.ActiveCfg = Release|Any CPU
		{BE8DA8A7-707D-4FD3-90B3-F0741996ED65}.Release|Any CPU.Build.0 = Release|Any CPU
	EndGlobalSection
	GlobalSection(SolutionProperties) = preSolution
		HideSolutionNode = FALSE
	EndGlobalSection
	GlobalSection(ExtensibilityGlobals) = postSolution
		SolutionGuid = {E97884F4-A219-4D40-A57B-48520E28BA50}
	EndGlobalSection
EndGlobal
